// !$*UTF8*$!
{
	archiveVersion = 1;
	classes = {
	};
	objectVersion = 50;
	objects = {

/* Begin PBXBuildFile section */
		1B81E0A122959AA400ABC752 /* FileRepository.swift in Sources */ = {isa = PBXBuildFile; fileRef = 1B81E0A022959AA400ABC752 /* FileRepository.swift */; };
		1B84326122909B3A0040791C /* AppDelegate.swift in Sources */ = {isa = PBXBuildFile; fileRef = 1B84326022909B3A0040791C /* AppDelegate.swift */; };
		1B84326322909B3A0040791C /* ViewController.swift in Sources */ = {isa = PBXBuildFile; fileRef = 1B84326222909B3A0040791C /* ViewController.swift */; };
		1B84326522909B3C0040791C /* Assets.xcassets in Resources */ = {isa = PBXBuildFile; fileRef = 1B84326422909B3C0040791C /* Assets.xcassets */; };
		1B84326822909B3C0040791C /* Main.storyboard in Resources */ = {isa = PBXBuildFile; fileRef = 1B84326622909B3C0040791C /* Main.storyboard */; };
		1B84327122909E8C0040791C /* RouteInputViewController.swift in Sources */ = {isa = PBXBuildFile; fileRef = 1B84327022909E8C0040791C /* RouteInputViewController.swift */; };
		1B84327322909EA80040791C /* Route.swift in Sources */ = {isa = PBXBuildFile; fileRef = 1B84327222909EA80040791C /* Route.swift */; };
		1B84327522909EB40040791C /* Car.swift in Sources */ = {isa = PBXBuildFile; fileRef = 1B84327422909EB40040791C /* Car.swift */; };
		1B86E327229148FA001EE9F2 /* RealmRepository.swift in Sources */ = {isa = PBXBuildFile; fileRef = 1B86E326229148FA001EE9F2 /* RealmRepository.swift */; };
		1B86E3292291547A001EE9F2 /* CarRoutePanelViewController.swift in Sources */ = {isa = PBXBuildFile; fileRef = 1B86E3282291547A001EE9F2 /* CarRoutePanelViewController.swift */; };
		1B86E32B22915861001EE9F2 /* RouteTableViewCell.swift in Sources */ = {isa = PBXBuildFile; fileRef = 1B86E32A22915861001EE9F2 /* RouteTableViewCell.swift */; };
		1B86E32E229164BD001EE9F2 /* RoutePopUpDelegate.swift in Sources */ = {isa = PBXBuildFile; fileRef = 1B86E32D229164BD001EE9F2 /* RoutePopUpDelegate.swift */; };
		1BD9F3692290B1A000DAD752 /* RealmSwift.framework in Frameworks */ = {isa = PBXBuildFile; fileRef = 1BD9F3682290B1A000DAD752 /* RealmSwift.framework */; };
		1BD9F36C2290B75A00DAD752 /* CarInputViewController.swift in Sources */ = {isa = PBXBuildFile; fileRef = 1BD9F36B2290B75A00DAD752 /* CarInputViewController.swift */; };
		1BD9F3702290C07A00DAD752 /* ChooseRouteViewController.swift in Sources */ = {isa = PBXBuildFile; fileRef = 1BD9F36E2290C07A00DAD752 /* ChooseRouteViewController.swift */; };
/* End PBXBuildFile section */

/* Begin PBXCopyFilesBuildPhase section */
		1BD9F3662290B0AD00DAD752 /* Embed Frameworks */ = {
			isa = PBXCopyFilesBuildPhase;
			buildActionMask = 2147483647;
			dstPath = "";
			dstSubfolderSpec = 10;
			files = (
			);
			name = "Embed Frameworks";
			runOnlyForDeploymentPostprocessing = 0;
		};
/* End PBXCopyFilesBuildPhase section */

/* Begin PBXFileReference section */
		1B81E0A022959AA400ABC752 /* FileRepository.swift */ = {isa = PBXFileReference; lastKnownFileType = sourcecode.swift; path = FileRepository.swift; sourceTree = "<group>"; };
		1B84325D22909B3A0040791C /* OOPUrbanTransport.app */ = {isa = PBXFileReference; explicitFileType = wrapper.application; includeInIndex = 0; path = OOPUrbanTransport.app; sourceTree = BUILT_PRODUCTS_DIR; };
		1B84326022909B3A0040791C /* AppDelegate.swift */ = {isa = PBXFileReference; lastKnownFileType = sourcecode.swift; path = AppDelegate.swift; sourceTree = "<group>"; };
		1B84326222909B3A0040791C /* ViewController.swift */ = {isa = PBXFileReference; lastKnownFileType = sourcecode.swift; path = ViewController.swift; sourceTree = "<group>"; };
		1B84326422909B3C0040791C /* Assets.xcassets */ = {isa = PBXFileReference; lastKnownFileType = folder.assetcatalog; path = Assets.xcassets; sourceTree = "<group>"; };
		1B84326722909B3C0040791C /* Base */ = {isa = PBXFileReference; lastKnownFileType = file.storyboard; name = Base; path = Base.lproj/Main.storyboard; sourceTree = "<group>"; };
		1B84326922909B3C0040791C /* Info.plist */ = {isa = PBXFileReference; lastKnownFileType = text.plist.xml; path = Info.plist; sourceTree = "<group>"; };
		1B84326A22909B3C0040791C /* OOPUrbanTransport.entitlements */ = {isa = PBXFileReference; lastKnownFileType = text.plist.entitlements; path = OOPUrbanTransport.entitlements; sourceTree = "<group>"; };
		1B84327022909E8C0040791C /* RouteInputViewController.swift */ = {isa = PBXFileReference; lastKnownFileType = sourcecode.swift; path = RouteInputViewController.swift; sourceTree = "<group>"; };
		1B84327222909EA80040791C /* Route.swift */ = {isa = PBXFileReference; lastKnownFileType = sourcecode.swift; path = Route.swift; sourceTree = "<group>"; };
		1B84327422909EB40040791C /* Car.swift */ = {isa = PBXFileReference; lastKnownFileType = sourcecode.swift; path = Car.swift; sourceTree = "<group>"; };
		1B86E326229148FA001EE9F2 /* RealmRepository.swift */ = {isa = PBXFileReference; lastKnownFileType = sourcecode.swift; path = RealmRepository.swift; sourceTree = "<group>"; };
		1B86E3282291547A001EE9F2 /* CarRoutePanelViewController.swift */ = {isa = PBXFileReference; lastKnownFileType = sourcecode.swift; path = CarRoutePanelViewController.swift; sourceTree = "<group>"; };
		1B86E32A22915861001EE9F2 /* RouteTableViewCell.swift */ = {isa = PBXFileReference; lastKnownFileType = sourcecode.swift; path = RouteTableViewCell.swift; sourceTree = "<group>"; };
		1B86E32D229164BD001EE9F2 /* RoutePopUpDelegate.swift */ = {isa = PBXFileReference; lastKnownFileType = sourcecode.swift; path = RoutePopUpDelegate.swift; sourceTree = "<group>"; };
		1BD9F3682290B1A000DAD752 /* RealmSwift.framework */ = {isa = PBXFileReference; lastKnownFileType = wrapper.framework; name = RealmSwift.framework; path = Carthage/Build/Mac/RealmSwift.framework; sourceTree = "<group>"; };
		1BD9F36B2290B75A00DAD752 /* CarInputViewController.swift */ = {isa = PBXFileReference; lastKnownFileType = sourcecode.swift; path = CarInputViewController.swift; sourceTree = "<group>"; };
		1BD9F36E2290C07A00DAD752 /* ChooseRouteViewController.swift */ = {isa = PBXFileReference; lastKnownFileType = sourcecode.swift; path = ChooseRouteViewController.swift; sourceTree = "<group>"; };
/* End PBXFileReference section */

/* Begin PBXFrameworksBuildPhase section */
		1B84325A22909B3A0040791C /* Frameworks */ = {
			isa = PBXFrameworksBuildPhase;
			buildActionMask = 2147483647;
			files = (
				1BD9F3692290B1A000DAD752 /* RealmSwift.framework in Frameworks */,
			);
			runOnlyForDeploymentPostprocessing = 0;
		};
/* End PBXFrameworksBuildPhase section */

/* Begin PBXGroup section */
		1B84325422909B3A0040791C = {
			isa = PBXGroup;
			children = (
				1B84325F22909B3A0040791C /* OOPUrbanTransport */,
				1B84325E22909B3A0040791C /* Products */,
				1BD9F3672290B1A000DAD752 /* Frameworks */,
			);
			sourceTree = "<group>";
		};
		1B84325E22909B3A0040791C /* Products */ = {
			isa = PBXGroup;
			children = (
				1B84325D22909B3A0040791C /* OOPUrbanTransport.app */,
			);
			name = Products;
			sourceTree = "<group>";
		};
		1B84325F22909B3A0040791C /* OOPUrbanTransport */ = {
			isa = PBXGroup;
			children = (
				1B86E32C229164A5001EE9F2 /* Protocols */,
				1B86E325229148DF001EE9F2 /* Repository */,
				1BD9F36D2290B76D00DAD752 /* ViewControllers */,
				1BD9F36A2290B53300DAD752 /* Models */,
				1B84326022909B3A0040791C /* AppDelegate.swift */,
				1B84326222909B3A0040791C /* ViewController.swift */,
				1B84326422909B3C0040791C /* Assets.xcassets */,
				1B84326622909B3C0040791C /* Main.storyboard */,
				1B84326922909B3C0040791C /* Info.plist */,
				1B84326A22909B3C0040791C /* OOPUrbanTransport.entitlements */,
			);
			path = OOPUrbanTransport;
			sourceTree = "<group>";
		};
		1B86E325229148DF001EE9F2 /* Repository */ = {
			isa = PBXGroup;
			children = (
				1B86E326229148FA001EE9F2 /* RealmRepository.swift */,
				1B81E0A022959AA400ABC752 /* FileRepository.swift */,
			);
			path = Repository;
			sourceTree = "<group>";
		};
		1B86E32C229164A5001EE9F2 /* Protocols */ = {
			isa = PBXGroup;
			children = (
				1B86E32D229164BD001EE9F2 /* RoutePopUpDelegate.swift */,
			);
			path = Protocols;
			sourceTree = "<group>";
		};
		1BD9F3672290B1A000DAD752 /* Frameworks */ = {
			isa = PBXGroup;
			children = (
				1BD9F3682290B1A000DAD752 /* RealmSwift.framework */,
			);
			name = Frameworks;
			sourceTree = "<group>";
		};
		1BD9F36A2290B53300DAD752 /* Models */ = {
			isa = PBXGroup;
			children = (
				1B84327222909EA80040791C /* Route.swift */,
				1B84327422909EB40040791C /* Car.swift */,
			);
			path = Models;
			sourceTree = "<group>";
		};
		1BD9F36D2290B76D00DAD752 /* ViewControllers */ = {
			isa = PBXGroup;
			children = (
				1B84327022909E8C0040791C /* RouteInputViewController.swift */,
				1BD9F36B2290B75A00DAD752 /* CarInputViewController.swift */,
				1BD9F36E2290C07A00DAD752 /* ChooseRouteViewController.swift */,
				1B86E3282291547A001EE9F2 /* CarRoutePanelViewController.swift */,
				1B86E32A22915861001EE9F2 /* RouteTableViewCell.swift */,
			);
			path = ViewControllers;
			sourceTree = "<group>";
		};
/* End PBXGroup section */

/* Begin PBXNativeTarget section */
		1B84325C22909B3A0040791C /* OOPUrbanTransport */ = {
			isa = PBXNativeTarget;
			buildConfigurationList = 1B84326D22909B3C0040791C /* Build configuration list for PBXNativeTarget "OOPUrbanTransport" */;
			buildPhases = (
				1B84325922909B3A0040791C /* Sources */,
				1B84325A22909B3A0040791C /* Frameworks */,
				1B84325B22909B3A0040791C /* Resources */,
				1BD9F3622290AFFF00DAD752 /* ShellScript */,
				1BD9F3662290B0AD00DAD752 /* Embed Frameworks */,
			);
			buildRules = (
			);
			dependencies = (
			);
			name = OOPUrbanTransport;
			productName = OOPUrbanTransport;
			productReference = 1B84325D22909B3A0040791C /* OOPUrbanTransport.app */;
			productType = "com.apple.product-type.application";
		};
/* End PBXNativeTarget section */

/* Begin PBXProject section */
		1B84325522909B3A0040791C /* Project object */ = {
			isa = PBXProject;
			attributes = {
				LastSwiftUpdateCheck = 1020;
				LastUpgradeCheck = 1020;
				ORGANIZATIONNAME = "Nikola Gerdzhikov";
				TargetAttributes = {
					1B84325C22909B3A0040791C = {
						CreatedOnToolsVersion = 10.2.1;
						SystemCapabilities = {
							com.apple.Sandbox = {
								enabled = 1;
							};
						};
					};
				};
			};
			buildConfigurationList = 1B84325822909B3A0040791C /* Build configuration list for PBXProject "OOPUrbanTransport" */;
			compatibilityVersion = "Xcode 9.3";
			developmentRegion = en;
			hasScannedForEncodings = 0;
			knownRegions = (
				en,
				Base,
			);
			mainGroup = 1B84325422909B3A0040791C;
			productRefGroup = 1B84325E22909B3A0040791C /* Products */;
			projectDirPath = "";
			projectRoot = "";
			targets = (
				1B84325C22909B3A0040791C /* OOPUrbanTransport */,
			);
		};
/* End PBXProject section */

/* Begin PBXResourcesBuildPhase section */
		1B84325B22909B3A0040791C /* Resources */ = {
			isa = PBXResourcesBuildPhase;
			buildActionMask = 2147483647;
			files = (
				1B84326522909B3C0040791C /* Assets.xcassets in Resources */,
				1B84326822909B3C0040791C /* Main.storyboard in Resources */,
			);
			runOnlyForDeploymentPostprocessing = 0;
		};
/* End PBXResourcesBuildPhase section */

/* Begin PBXShellScriptBuildPhase section */
		1BD9F3622290AFFF00DAD752 /* ShellScript */ = {
			isa = PBXShellScriptBuildPhase;
			buildActionMask = 2147483647;
			files = (
			);
			inputFileListPaths = (
			);
			inputPaths = (
				"$(SRCROOT)/Carthage/Build/Mac/RealmSwift.framework",
				"$(SRCROOT)/Carthage/Build/Mac/Realm.framework",
			);
			outputFileListPaths = (
			);
			outputPaths = (
				"$(BUILT_PRODUCTS_DIR)/$(FRAMEWORKS_FOLDER_PATH)/Realm.framework",
				"$(BUILT_PRODUCTS_DIR)/$(FRAMEWORKS_FOLDER_PATH)/RealmSwift.framework",
			);
			runOnlyForDeploymentPostprocessing = 0;
			shellPath = /bin/sh;
			shellScript = "# Type a script or drag a script file from your workspace to insert its path.\n/usr/local/bin/carthage copy-frameworks\n";
		};
/* End PBXShellScriptBuildPhase section */

/* Begin PBXSourcesBuildPhase section */
		1B84325922909B3A0040791C /* Sources */ = {
			isa = PBXSourcesBuildPhase;
			buildActionMask = 2147483647;
			files = (
				1BD9F36C2290B75A00DAD752 /* CarInputViewController.swift in Sources */,
				1B86E327229148FA001EE9F2 /* RealmRepository.swift in Sources */,
				1B84327122909E8C0040791C /* RouteInputViewController.swift in Sources */,
				1B86E32E229164BD001EE9F2 /* RoutePopUpDelegate.swift in Sources */,
				1B86E3292291547A001EE9F2 /* CarRoutePanelViewController.swift in Sources */,
				1B84327322909EA80040791C /* Route.swift in Sources */,
				1B86E32B22915861001EE9F2 /* RouteTableViewCell.swift in Sources */,
				1B84327522909EB40040791C /* Car.swift in Sources */,
				1B84326322909B3A0040791C /* ViewController.swift in Sources */,
				1B84326122909B3A0040791C /* AppDelegate.swift in Sources */,
				1BD9F3702290C07A00DAD752 /* ChooseRouteViewController.swift in Sources */,
				1B81E0A122959AA400ABC752 /* FileRepository.swift in Sources */,
			);
			runOnlyForDeploymentPostprocessing = 0;
		};
/* End PBXSourcesBuildPhase section */

/* Begin PBXVariantGroup section */
		1B84326622909B3C0040791C /* Main.storyboard */ = {
			isa = PBXVariantGroup;
			children = (
				1B84326722909B3C0040791C /* Base */,
			);
			name = Main.storyboard;
			sourceTree = "<group>";
		};
/* End PBXVariantGroup section */

/* Begin XCBuildConfiguration section */
		1B84326B22909B3C0040791C /* Debug */ = {
			isa = XCBuildConfiguration;
			buildSettings = {
				ALWAYS_SEARCH_USER_PATHS = NO;
				CLANG_ANALYZER_NONNULL = YES;
				CLANG_ANALYZER_NUMBER_OBJECT_CONVERSION = YES_AGGRESSIVE;
				CLANG_CXX_LANGUAGE_STANDARD = "gnu++14";
				CLANG_CXX_LIBRARY = "libc++";
				CLANG_ENABLE_MODULES = YES;
				CLANG_ENABLE_OBJC_ARC = YES;
				CLANG_ENABLE_OBJC_WEAK = YES;
				CLANG_WARN_BLOCK_CAPTURE_AUTORELEASING = YES;
				CLANG_WARN_BOOL_CONVERSION = YES;
				CLANG_WARN_COMMA = YES;
				CLANG_WARN_CONSTANT_CONVERSION = YES;
				CLANG_WARN_DEPRECATED_OBJC_IMPLEMENTATIONS = YES;
				CLANG_WARN_DIRECT_OBJC_ISA_USAGE = YES_ERROR;
				CLANG_WARN_DOCUMENTATION_COMMENTS = YES;
				CLANG_WARN_EMPTY_BODY = YES;
				CLANG_WARN_ENUM_CONVERSION = YES;
				CLANG_WARN_INFINITE_RECURSION = YES;
				CLANG_WARN_INT_CONVERSION = YES;
				CLANG_WARN_NON_LITERAL_NULL_CONVERSION = YES;
				CLANG_WARN_OBJC_IMPLICIT_RETAIN_SELF = YES;
				CLANG_WARN_OBJC_LITERAL_CONVERSION = YES;
				CLANG_WARN_OBJC_ROOT_CLASS = YES_ERROR;
				CLANG_WARN_RANGE_LOOP_ANALYSIS = YES;
				CLANG_WARN_STRICT_PROTOTYPES = YES;
				CLANG_WARN_SUSPICIOUS_MOVE = YES;
				CLANG_WARN_UNGUARDED_AVAILABILITY = YES_AGGRESSIVE;
				CLANG_WARN_UNREACHABLE_CODE = YES;
				CLANG_WARN__DUPLICATE_METHOD_MATCH = YES;
				CODE_SIGN_IDENTITY = "Mac Developer";
				COPY_PHASE_STRIP = NO;
				DEBUG_INFORMATION_FORMAT = dwarf;
				ENABLE_STRICT_OBJC_MSGSEND = YES;
				ENABLE_TESTABILITY = YES;
				GCC_C_LANGUAGE_STANDARD = gnu11;
				GCC_DYNAMIC_NO_PIC = NO;
				GCC_NO_COMMON_BLOCKS = YES;
				GCC_OPTIMIZATION_LEVEL = 0;
				GCC_PREPROCESSOR_DEFINITIONS = (
					"DEBUG=1",
					"$(inherited)",
				);
				GCC_WARN_64_TO_32_BIT_CONVERSION = YES;
				GCC_WARN_ABOUT_RETURN_TYPE = YES_ERROR;
				GCC_WARN_UNDECLARED_SELECTOR = YES;
				GCC_WARN_UNINITIALIZED_AUTOS = YES_AGGRESSIVE;
				GCC_WARN_UNUSED_FUNCTION = YES;
				GCC_WARN_UNUSED_VARIABLE = YES;
				MACOSX_DEPLOYMENT_TARGET = 10.14;
				MTL_ENABLE_DEBUG_INFO = INCLUDE_SOURCE;
				MTL_FAST_MATH = YES;
				ONLY_ACTIVE_ARCH = YES;
				SDKROOT = macosx;
				SWIFT_ACTIVE_COMPILATION_CONDITIONS = DEBUG;
				SWIFT_OPTIMIZATION_LEVEL = "-Onone";
			};
			name = Debug;
		};
		1B84326C22909B3C0040791C /* Release */ = {
			isa = XCBuildConfiguration;
			buildSettings = {
				ALWAYS_SEARCH_USER_PATHS = NO;
				CLANG_ANALYZER_NONNULL = YES;
				CLANG_ANALYZER_NUMBER_OBJECT_CONVERSION = YES_AGGRESSIVE;
				CLANG_CXX_LANGUAGE_STANDARD = "gnu++14";
				CLANG_CXX_LIBRARY = "libc++";
				CLANG_ENABLE_MODULES = YES;
				CLANG_ENABLE_OBJC_ARC = YES;
				CLANG_ENABLE_OBJC_WEAK = YES;
				CLANG_WARN_BLOCK_CAPTURE_AUTORELEASING = YES;
				CLANG_WARN_BOOL_CONVERSION = YES;
				CLANG_WARN_COMMA = YES;
				CLANG_WARN_CONSTANT_CONVERSION = YES;
				CLANG_WARN_DEPRECATED_OBJC_IMPLEMENTATIONS = YES;
				CLANG_WARN_DIRECT_OBJC_ISA_USAGE = YES_ERROR;
				CLANG_WARN_DOCUMENTATION_COMMENTS = YES;
				CLANG_WARN_EMPTY_BODY = YES;
				CLANG_WARN_ENUM_CONVERSION = YES;
				CLANG_WARN_INFINITE_RECURSION = YES;
				CLANG_WARN_INT_CONVERSION = YES;
				CLANG_WARN_NON_LITERAL_NULL_CONVERSION = YES;
				CLANG_WARN_OBJC_IMPLICIT_RETAIN_SELF = YES;
				CLANG_WARN_OBJC_LITERAL_CONVERSION = YES;
				CLANG_WARN_OBJC_ROOT_CLASS = YES_ERROR;
				CLANG_WARN_RANGE_LOOP_ANALYSIS = YES;
				CLANG_WARN_STRICT_PROTOTYPES = YES;
				CLANG_WARN_SUSPICIOUS_MOVE = YES;
				CLANG_WARN_UNGUARDED_AVAILABILITY = YES_AGGRESSIVE;
				CLANG_WARN_UNREACHABLE_CODE = YES;
				CLANG_WARN__DUPLICATE_METHOD_MATCH = YES;
				CODE_SIGN_IDENTITY = "Mac Developer";
				COPY_PHASE_STRIP = NO;
				DEBUG_INFORMATION_FORMAT = "dwarf-with-dsym";
				ENABLE_NS_ASSERTIONS = NO;
				ENABLE_STRICT_OBJC_MSGSEND = YES;
				GCC_C_LANGUAGE_STANDARD = gnu11;
				GCC_NO_COMMON_BLOCKS = YES;
				GCC_WARN_64_TO_32_BIT_CONVERSION = YES;
				GCC_WARN_ABOUT_RETURN_TYPE = YES_ERROR;
				GCC_WARN_UNDECLARED_SELECTOR = YES;
				GCC_WARN_UNINITIALIZED_AUTOS = YES_AGGRESSIVE;
				GCC_WARN_UNUSED_FUNCTION = YES;
				GCC_WARN_UNUSED_VARIABLE = YES;
				MACOSX_DEPLOYMENT_TARGET = 10.14;
				MTL_ENABLE_DEBUG_INFO = NO;
				MTL_FAST_MATH = YES;
				SDKROOT = macosx;
				SWIFT_COMPILATION_MODE = wholemodule;
				SWIFT_OPTIMIZATION_LEVEL = "-O";
			};
			name = Release;
		};
		1B84326E22909B3C0040791C /* Debug */ = {
			isa = XCBuildConfiguration;
			buildSettings = {
				ASSETCATALOG_COMPILER_APPICON_NAME = AppIcon;
				CODE_SIGN_ENTITLEMENTS = OOPUrbanTransport/OOPUrbanTransport.entitlements;
				CODE_SIGN_STYLE = Automatic;
				COMBINE_HIDPI_IMAGES = YES;
				DEVELOPMENT_TEAM = XFNQF25BM4;
				FRAMEWORK_SEARCH_PATHS = (
					"$(inherited)",
					"$(PROJECT_DIR)/Carthage/Build/Mac",
				);
				INFOPLIST_FILE = OOPUrbanTransport/Info.plist;
				LD_RUNPATH_SEARCH_PATHS = (
					"$(inherited)",
					"@executable_path/../Frameworks",
				);
				PRODUCT_BUNDLE_IDENTIFIER = Gerdzhikov.OOPUrbanTransport;
				PRODUCT_NAME = "$(TARGET_NAME)";
				SWIFT_VERSION = 5.0;
			};
			name = Debug;
		};
		1B84326F22909B3C0040791C /* Release */ = {
			isa = XCBuildConfiguration;
			buildSettings = {
				ASSETCATALOG_COMPILER_APPICON_NAME = AppIcon;
				CODE_SIGN_ENTITLEMENTS = OOPUrbanTransport/OOPUrbanTransport.entitlements;
				CODE_SIGN_STYLE = Automatic;
				COMBINE_HIDPI_IMAGES = YES;
				DEVELOPMENT_TEAM = XFNQF25BM4;
				FRAMEWORK_SEARCH_PATHS = (
					"$(inherited)",
					"$(PROJECT_DIR)/Carthage/Build/Mac",
				);
				INFOPLIST_FILE = OOPUrbanTransport/Info.plist;
				LD_RUNPATH_SEARCH_PATHS = (
					"$(inherited)",
					"@executable_path/../Frameworks",
				);
				PRODUCT_BUNDLE_IDENTIFIER = Gerdzhikov.OOPUrbanTransport;
				PRODUCT_NAME = "$(TARGET_NAME)";
				SWIFT_VERSION = 5.0;
			};
			name = Release;
		};
/* End XCBuildConfiguration section */

/* Begin XCConfigurationList section */
		1B84325822909B3A0040791C /* Build configuration list for PBXProject "OOPUrbanTransport" */ = {
			isa = XCConfigurationList;
			buildConfigurations = (
				1B84326B22909B3C0040791C /* Debug */,
				1B84326C22909B3C0040791C /* Release */,
			);
			defaultConfigurationIsVisible = 0;
			defaultConfigurationName = Release;
		};
		1B84326D22909B3C0040791C /* Build configuration list for PBXNativeTarget "OOPUrbanTransport" */ = {
			isa = XCConfigurationList;
			buildConfigurations = (
				1B84326E22909B3C0040791C /* Debug */,
				1B84326F22909B3C0040791C /* Release */,
			);
			defaultConfigurationIsVisible = 0;
			defaultConfigurationName = Release;
		};
/* End XCConfigurationList section */
	};
	rootObject = 1B84325522909B3A0040791C /* Project object */;
}
